Microsoft Visual Studio Solution File, Format Version 11.00
# Visual Studio 2008

Project("{4F689FEA-6AE1-FFDC-5915-A81171EE2A63}") = "ngui practice", "Assembly-CSharp-vs.csproj", "{3C0CDDE1-964F-B524-6A68-BE2F9615B060}"
EndProject
Project("{4F689FEA-6AE1-FFDC-5915-A81171EE2A63}") = "ngui practice", "Assembly-CSharp-Editor-vs.csproj", "{1F66515B-16DA-C904-D80B-794580A5F203}"
EndProject
Global
	GlobalSection(SolutionConfigurationPlatforms) = preSolution
		Debug|Any CPU = Debug|Any CPU
		Release|Any CPU = Release|Any CPU
	EndGlobalSection
	GlobalSection(ProjectConfigurationPlatforms) = postSolution
		{3C0CDDE1-964F-B524-6A68-BE2F9615B060}.Debug|Any CPU.ActiveCfg = Debug|Any CPU
		{3C0CDDE1-964F-B524-6A68-BE2F9615B060}.Debug|Any CPU.Build.0 = Debug|Any CPU
		{3C0CDDE1-964F-B524-6A68-BE2F9615B060}.Release|Any CPU.ActiveCfg = Release|Any CPU
		{3C0CDDE1-964F-B524-6A68-BE2F9615B060}.Release|Any CPU.Build.0 = Release|Any CPU
		{1F66515B-16DA-C904-D80B-794580A5F203}.Debug|Any CPU.ActiveCfg = Debug|Any CPU
		{1F66515B-16DA-C904-D80B-794580A5F203}.Debug|Any CPU.Build.0 = Debug|Any CPU
		{1F66515B-16DA-C904-D80B-794580A5F203}.Release|Any CPU.ActiveCfg = Release|Any CPU
		{1F66515B-16DA-C904-D80B-794580A5F203}.Release|Any CPU.Build.0 = Release|Any CPU
	EndGlobalSection
	GlobalSection(SolutionProperties) = preSolution
		HideSolutionNode = FALSE
	EndGlobalSection
												GlobalSection(MonoDevelopProperties) = preSolution
		StartupItem = Assembly-CSharp.csproj
		Policies = $0
		$0.TextStylePolicy = $1
		$1.inheritsSet = null
		$1.scope = text/x-csharp
		$0.CSharpFormattingPolicy = $2
		$2.inheritsSet = Mono
		$2.inheritsScope = text/x-csharp
		$2.scope = text/x-csharp
		$0.TextStylePolicy = $3
		$3.FileWidth = 120
		$3.TabWidth = 4
		$3.EolMarker = Unix
		$3.inheritsSet = Mono
		$3.inheritsScope = text/plain
		$3.scope = text/plain
	EndGlobalSection

EndGlobal
