
Microsoft Visual Studio Solution File, Format Version 12.00
# Visual Studio 2012
Project("{FAE04EC0-301F-11D3-BF4B-00C04F79EFBC}") = "UnityVS.ngui practice.CSharp", "UnityVS.ngui practice.CSharp.csproj", "{87869471-5279-D2F4-3799-29B96F6FF073}"
EndProject
Project("{FAE04EC0-301F-11D3-BF4B-00C04F79EFBC}") = "UnityVS.ngui practice.CSharp.Editor", "UnityVS.ngui practice.CSharp.Editor.csproj", "{9D7C4442-CBD5-00CD-C76B-F124939E7E39}"
EndProject
Global
	GlobalSection(SolutionConfigurationPlatforms) = preSolution
		Debug|Any CPU = Debug|Any CPU
		Release|Any CPU = Release|Any CPU
	EndGlobalSection
	GlobalSection(ProjectConfigurationPlatforms) = postSolution
		{87869471-5279-D2F4-3799-29B96F6FF073}.Debug|Any CPU.ActiveCfg = Debug|Any CPU
		{87869471-5279-D2F4-3799-29B96F6FF073}.Debug|Any CPU.Build.0 = Debug|Any CPU
		{87869471-5279-D2F4-3799-29B96F6FF073}.Release|Any CPU.ActiveCfg = Release|Any CPU
		{87869471-5279-D2F4-3799-29B96F6FF073}.Release|Any CPU.Build.0 = Release|Any CPU
		{9D7C4442-CBD5-00CD-C76B-F124939E7E39}.Debug|Any CPU.ActiveCfg = Debug|Any CPU
		{9D7C4442-CBD5-00CD-C76B-F124939E7E39}.Debug|Any CPU.Build.0 = Debug|Any CPU
		{9D7C4442-CBD5-00CD-C76B-F124939E7E39}.Release|Any CPU.ActiveCfg = Release|Any CPU
		{9D7C4442-CBD5-00CD-C76B-F124939E7E39}.Release|Any CPU.Build.0 = Release|Any CPU
	EndGlobalSection
	GlobalSection(SolutionProperties) = preSolution
		HideSolutionNode = FALSE
	EndGlobalSection
EndGlobal
